
Microsoft Visual Studio Solution File, Format Version 12.00
# Visual Studio 15
VisualStudioVersion = 15.0.28307.102
MinimumVisualStudioVersion = 10.0.40219.1
Project("{FAE04EC0-301F-11D3-BF4B-00C04F79EFBC}") = "WritingTextToFiles", "WritingTextToFiles\WritingTextToFiles.csproj", "{72AE5C4C-52E1-4AA5-9A4D-8397A1078098}"
EndProject
Global
	GlobalSection(SolutionConfigurationPlatforms) = preSolution
		Debug|Any CPU = Debug|Any CPU
		Release|Any CPU = Release|Any CPU
	EndGlobalSection
	GlobalSection(ProjectConfigurationPlatforms) = postSolution
		{72AE5C4C-52E1-4AA5-9A4D-8397A1078098}.Debug|Any CPU.ActiveCfg = Debug|Any CPU
		{72AE5C4C-52E1-4AA5-9A4D-8397A1078098}.Debug|Any CPU.Build.0 = Debug|Any CPU
		{72AE5C4C-52E1-4AA5-9A4D-8397A1078098}.Release|Any CPU.ActiveCfg = Release|Any CPU
		{72AE5C4C-52E1-4AA5-9A4D-8397A1078098}.Release|Any CPU.Build.0 = Release|Any CPU
	EndGlobalSection
	GlobalSection(SolutionProperties) = preSolution
		HideSolutionNode = FALSE
	EndGlobalSection
	GlobalSection(ExtensibilityGlobals) = postSolution
		SolutionGuid = {5E5AED17-9A2A-413E-BBD8-860F709A543A}
	EndGlobalSection
EndGlobal
